
Microsoft Visual Studio Solution File, Format Version 12.00
# Visual Studio Version 16
VisualStudioVersion = 16.0.30204.135
MinimumVisualStudioVersion = 10.0.40219.1
Project("{FAE04EC0-301F-11D3-BF4B-00C04F79EFBC}") = "BackgroundTask.Demo", "BackgroundTask.Demo.csproj", "{87B89C15-C421-4CF0-A9B1-3B3463A323AD}"
EndProject
Global
	GlobalSection(SolutionConfigurationPlatforms) = preSolution
		Debug|Any CPU = Debug|Any CPU
		Release|Any CPU = Release|Any CPU
	EndGlobalSection
	GlobalSection(ProjectConfigurationPlatforms) = postSolution
		{87B89C15-C421-4CF0-A9B1-3B3463A323AD}.Debug|Any CPU.ActiveCfg = Debug|Any CPU
		{87B89C15-C421-4CF0-A9B1-3B3463A323AD}.Debug|Any CPU.Build.0 = Debug|Any CPU
		{87B89C15-C421-4CF0-A9B1-3B3463A323AD}.Release|Any CPU.ActiveCfg = Release|Any CPU
		{87B89C15-C421-4CF0-A9B1-3B3463A323AD}.Release|Any CPU.Build.0 = Release|Any CPU
	EndGlobalSection
	GlobalSection(SolutionProperties) = preSolution
		HideSolutionNode = FALSE
	EndGlobalSection
	GlobalSection(ExtensibilityGlobals) = postSolution
		SolutionGuid = {3A4A455B-72D1-4E9F-9BFD-DC4171B97937}
	EndGlobalSection
EndGlobal
